
Microsoft Visual Studio Solution File, Format Version 12.00
# Visual Studio Version 16
VisualStudioVersion = 16.0.32106.194
MinimumVisualStudioVersion = 10.0.40219.1
Project("{9A19103F-16F7-4668-BE54-9A1E7A4F7556}") = "TLightFdApp", "TLightFdApp\TLightFdApp.csproj", "{229C2353-78EC-4517-B18A-279B4A51449A}"
EndProject
Project("{9A19103F-16F7-4668-BE54-9A1E7A4F7556}") = "CarFdApp", "CarFdApp\CarFdApp.csproj", "{D23327F4-FC20-4B14-B638-46B325E510D4}"
EndProject
Global
	GlobalSection(SolutionConfigurationPlatforms) = preSolution
		Debug|Any CPU = Debug|Any CPU
		Release|Any CPU = Release|Any CPU
	EndGlobalSection
	GlobalSection(ProjectConfigurationPlatforms) = postSolution
		{229C2353-78EC-4517-B18A-279B4A51449A}.Debug|Any CPU.ActiveCfg = Debug|Any CPU
		{229C2353-78EC-4517-B18A-279B4A51449A}.Debug|Any CPU.Build.0 = Debug|Any CPU
		{229C2353-78EC-4517-B18A-279B4A51449A}.Release|Any CPU.ActiveCfg = Release|Any CPU
		{229C2353-78EC-4517-B18A-279B4A51449A}.Release|Any CPU.Build.0 = Release|Any CPU
		{D23327F4-FC20-4B14-B638-46B325E510D4}.Debug|Any CPU.ActiveCfg = Debug|Any CPU
		{D23327F4-FC20-4B14-B638-46B325E510D4}.Debug|Any CPU.Build.0 = Debug|Any CPU
		{D23327F4-FC20-4B14-B638-46B325E510D4}.Release|Any CPU.ActiveCfg = Release|Any CPU
		{D23327F4-FC20-4B14-B638-46B325E510D4}.Release|Any CPU.Build.0 = Release|Any CPU
	EndGlobalSection
	GlobalSection(SolutionProperties) = preSolution
		HideSolutionNode = FALSE
	EndGlobalSection
	GlobalSection(ExtensibilityGlobals) = postSolution
		SolutionGuid = {542E4A7A-B0D5-433F-9D79-D0AAA3CC96FE}
	EndGlobalSection
EndGlobal
